
Microsoft Visual Studio Solution File, Format Version 12.00
# Visual Studio 15
Project("{FAE04EC0-301F-11D3-BF4B-00C04F79EFBC}") = "Assembly-CSharp", "Assembly-CSharp.csproj", "{F2631445-F92E-A9AE-6414-96F78EE94093}"
EndProject
Project("{FAE04EC0-301F-11D3-BF4B-00C04F79EFBC}") = "NavMeshComponents", "NavMeshComponents.csproj", "{10B9CC07-3F8A-E71D-61BE-04B63A45C06D}"
EndProject
Project("{FAE04EC0-301F-11D3-BF4B-00C04F79EFBC}") = "NavMeshComponentsEditor", "NavMeshComponentsEditor.csproj", "{183571CB-8BE6-1EDA-B520-125248231E47}"
EndProject
Project("{FAE04EC0-301F-11D3-BF4B-00C04F79EFBC}") = "Assembly-CSharp-Editor", "Assembly-CSharp-Editor.csproj", "{FC30C15D-0D0F-F26A-5FD8-D9AAA4955063}"
EndProject
Global
	GlobalSection(SolutionConfigurationPlatforms) = preSolution
		Debug|Any CPU = Debug|Any CPU
		Release|Any CPU = Release|Any CPU
	EndGlobalSection
	GlobalSection(ProjectConfigurationPlatforms) = postSolution
		{F2631445-F92E-A9AE-6414-96F78EE94093}.Debug|Any CPU.ActiveCfg = Debug|Any CPU
		{F2631445-F92E-A9AE-6414-96F78EE94093}.Debug|Any CPU.Build.0 = Debug|Any CPU
		{F2631445-F92E-A9AE-6414-96F78EE94093}.Release|Any CPU.ActiveCfg = Release|Any CPU
		{F2631445-F92E-A9AE-6414-96F78EE94093}.Release|Any CPU.Build.0 = Release|Any CPU
		{10B9CC07-3F8A-E71D-61BE-04B63A45C06D}.Debug|Any CPU.ActiveCfg = Debug|Any CPU
		{10B9CC07-3F8A-E71D-61BE-04B63A45C06D}.Debug|Any CPU.Build.0 = Debug|Any CPU
		{10B9CC07-3F8A-E71D-61BE-04B63A45C06D}.Release|Any CPU.ActiveCfg = Release|Any CPU
		{10B9CC07-3F8A-E71D-61BE-04B63A45C06D}.Release|Any CPU.Build.0 = Release|Any CPU
		{183571CB-8BE6-1EDA-B520-125248231E47}.Debug|Any CPU.ActiveCfg = Debug|Any CPU
		{183571CB-8BE6-1EDA-B520-125248231E47}.Debug|Any CPU.Build.0 = Debug|Any CPU
		{183571CB-8BE6-1EDA-B520-125248231E47}.Release|Any CPU.ActiveCfg = Release|Any CPU
		{183571CB-8BE6-1EDA-B520-125248231E47}.Release|Any CPU.Build.0 = Release|Any CPU
		{FC30C15D-0D0F-F26A-5FD8-D9AAA4955063}.Debug|Any CPU.ActiveCfg = Debug|Any CPU
		{FC30C15D-0D0F-F26A-5FD8-D9AAA4955063}.Debug|Any CPU.Build.0 = Debug|Any CPU
		{FC30C15D-0D0F-F26A-5FD8-D9AAA4955063}.Release|Any CPU.ActiveCfg = Release|Any CPU
		{FC30C15D-0D0F-F26A-5FD8-D9AAA4955063}.Release|Any CPU.Build.0 = Release|Any CPU
	EndGlobalSection
	GlobalSection(SolutionProperties) = preSolution
		HideSolutionNode = FALSE
	EndGlobalSection
EndGlobal
